
Microsoft Visual Studio Solution File, Format Version 12.00
# Visual Studio 2013
VisualStudioVersion = 12.0.31101.0
MinimumVisualStudioVersion = 10.0.40219.1
Project("{888888A0-9F3D-457C-B088-3A5042F75D52}") = "qinfer", "src\qinfer.pyproj", "{FCD1273B-7E69-4D99-87A4-3ABC77DAD143}"
EndProject
Global
	GlobalSection(SolutionConfigurationPlatforms) = preSolution
		Debug|Any CPU = Debug|Any CPU
		Release|Any CPU = Release|Any CPU
	EndGlobalSection
	GlobalSection(ProjectConfigurationPlatforms) = postSolution
		{FCD1273B-7E69-4D99-87A4-3ABC77DAD143}.Debug|Any CPU.ActiveCfg = Debug|Any CPU
		{FCD1273B-7E69-4D99-87A4-3ABC77DAD143}.Debug|Any CPU.Build.0 = Debug|Any CPU
		{FCD1273B-7E69-4D99-87A4-3ABC77DAD143}.Release|Any CPU.ActiveCfg = Release|Any CPU
		{FCD1273B-7E69-4D99-87A4-3ABC77DAD143}.Release|Any CPU.Build.0 = Release|Any CPU
	EndGlobalSection
	GlobalSection(SolutionProperties) = preSolution
		HideSolutionNode = FALSE
	EndGlobalSection
EndGlobal
